
Microsoft Visual Studio Solution File, Format Version 12.00
# Visual Studio Version 17
VisualStudioVersion = 17.12.35527.113
MinimumVisualStudioVersion = 10.0.40219.1
Project("{9A19103F-16F7-4668-BE54-9A1E7A4F7556}") = "DalTest", "DalTest\DalTest.csproj", "{4041E2D3-AC80-4BCB-AAB0-38768F83CEB5}"
EndProject
Project("{9A19103F-16F7-4668-BE54-9A1E7A4F7556}") = "DalFacade", "DalFacade\DalFacade.csproj", "{02B81A27-8716-4F7B-8D30-DC74EC6AE3E1}"
EndProject
Project("{9A19103F-16F7-4668-BE54-9A1E7A4F7556}") = "DalList", "DalList\DalList.csproj", "{DA021557-167D-4183-BA67-AB06A68652C7}"
EndProject
Project("{9A19103F-16F7-4668-BE54-9A1E7A4F7556}") = "Tools", "Tools\Tools.csproj", "{72E82E1F-B95F-4CB8-82D6-78C403F4AD2A}"
EndProject
Project("{2150E333-8FDC-42A3-9474-1A3956D46DE8}") = "xml", "xml", "{3F99244F-D04A-41CA-BD5E-561CA0DE366A}"
	ProjectSection(SolutionItems) = preProject
		xml\dal-config.xml.txt = xml\dal-config.xml.txt
	EndProjectSection
EndProject
Project("{9A19103F-16F7-4668-BE54-9A1E7A4F7556}") = "BL", "BL\BL.csproj", "{F3D66078-BD7B-4710-B27B-7DAE5512B0D9}"
EndProject
Project("{9A19103F-16F7-4668-BE54-9A1E7A4F7556}") = "BITest", "BITest\BITest.csproj", "{DAF15CC1-612C-48C8-9527-98F87EBF6024}"
EndProject
Global
	GlobalSection(SolutionConfigurationPlatforms) = preSolution
		Debug|Any CPU = Debug|Any CPU
		Release|Any CPU = Release|Any CPU
	EndGlobalSection
	GlobalSection(ProjectConfigurationPlatforms) = postSolution
		{4041E2D3-AC80-4BCB-AAB0-38768F83CEB5}.Debug|Any CPU.ActiveCfg = Debug|Any CPU
		{4041E2D3-AC80-4BCB-AAB0-38768F83CEB5}.Debug|Any CPU.Build.0 = Debug|Any CPU
		{4041E2D3-AC80-4BCB-AAB0-38768F83CEB5}.Release|Any CPU.ActiveCfg = Release|Any CPU
		{4041E2D3-AC80-4BCB-AAB0-38768F83CEB5}.Release|Any CPU.Build.0 = Release|Any CPU
		{02B81A27-8716-4F7B-8D30-DC74EC6AE3E1}.Debug|Any CPU.ActiveCfg = Debug|Any CPU
		{02B81A27-8716-4F7B-8D30-DC74EC6AE3E1}.Debug|Any CPU.Build.0 = Debug|Any CPU
		{02B81A27-8716-4F7B-8D30-DC74EC6AE3E1}.Release|Any CPU.ActiveCfg = Release|Any CPU
		{02B81A27-8716-4F7B-8D30-DC74EC6AE3E1}.Release|Any CPU.Build.0 = Release|Any CPU
		{DA021557-167D-4183-BA67-AB06A68652C7}.Debug|Any CPU.ActiveCfg = Debug|Any CPU
		{DA021557-167D-4183-BA67-AB06A68652C7}.Debug|Any CPU.Build.0 = Debug|Any CPU
		{DA021557-167D-4183-BA67-AB06A68652C7}.Release|Any CPU.ActiveCfg = Release|Any CPU
		{DA021557-167D-4183-BA67-AB06A68652C7}.Release|Any CPU.Build.0 = Release|Any CPU
		{72E82E1F-B95F-4CB8-82D6-78C403F4AD2A}.Debug|Any CPU.ActiveCfg = Debug|Any CPU
		{72E82E1F-B95F-4CB8-82D6-78C403F4AD2A}.Debug|Any CPU.Build.0 = Debug|Any CPU
		{72E82E1F-B95F-4CB8-82D6-78C403F4AD2A}.Release|Any CPU.ActiveCfg = Release|Any CPU
		{72E82E1F-B95F-4CB8-82D6-78C403F4AD2A}.Release|Any CPU.Build.0 = Release|Any CPU
		{F3D66078-BD7B-4710-B27B-7DAE5512B0D9}.Debug|Any CPU.ActiveCfg = Debug|Any CPU
		{F3D66078-BD7B-4710-B27B-7DAE5512B0D9}.Debug|Any CPU.Build.0 = Debug|Any CPU
		{F3D66078-BD7B-4710-B27B-7DAE5512B0D9}.Release|Any CPU.ActiveCfg = Release|Any CPU
		{F3D66078-BD7B-4710-B27B-7DAE5512B0D9}.Release|Any CPU.Build.0 = Release|Any CPU
		{DAF15CC1-612C-48C8-9527-98F87EBF6024}.Debug|Any CPU.ActiveCfg = Debug|Any CPU
		{DAF15CC1-612C-48C8-9527-98F87EBF6024}.Debug|Any CPU.Build.0 = Debug|Any CPU
		{DAF15CC1-612C-48C8-9527-98F87EBF6024}.Release|Any CPU.ActiveCfg = Release|Any CPU
		{DAF15CC1-612C-48C8-9527-98F87EBF6024}.Release|Any CPU.Build.0 = Release|Any CPU
	EndGlobalSection
	GlobalSection(SolutionProperties) = preSolution
		HideSolutionNode = FALSE
	EndGlobalSection
	GlobalSection(ExtensibilityGlobals) = postSolution
		SolutionGuid = {90403C95-3AE1-425F-B1FB-CB6FAE53DC03}
	EndGlobalSection
EndGlobal
